Microsoft Visual Studio Solution File, Format Version 12.00
# Visual Studio 2012
Project("{FAE04EC0-301F-11D3-BF4B-00C04F79EFBC}") = "2D CHAR", "2D CHAR.csproj", "{D2BB2A5F-BF89-4255-81CC-1352DC656FCA}"
EndProject
Global
	GlobalSection(SolutionConfigurationPlatforms) = preSolution
	Debug|Any CPU = Debug|Any CPU
	ExportDebug|Any CPU = ExportDebug|Any CPU
	ExportRelease|Any CPU = ExportRelease|Any CPU
	EndGlobalSection
	GlobalSection(ProjectConfigurationPlatforms) = postSolution
		{D2BB2A5F-BF89-4255-81CC-1352DC656FCA}.Debug|Any CPU.ActiveCfg = Debug|Any CPU
		{D2BB2A5F-BF89-4255-81CC-1352DC656FCA}.Debug|Any CPU.Build.0 = Debug|Any CPU
		{D2BB2A5F-BF89-4255-81CC-1352DC656FCA}.ExportDebug|Any CPU.ActiveCfg = ExportDebug|Any CPU
		{D2BB2A5F-BF89-4255-81CC-1352DC656FCA}.ExportDebug|Any CPU.Build.0 = ExportDebug|Any CPU
		{D2BB2A5F-BF89-4255-81CC-1352DC656FCA}.ExportRelease|Any CPU.ActiveCfg = ExportRelease|Any CPU
		{D2BB2A5F-BF89-4255-81CC-1352DC656FCA}.ExportRelease|Any CPU.Build.0 = ExportRelease|Any CPU
	EndGlobalSection
EndGlobal
